# This file is generated by running "yarn install" inside your project.
# Manual changes might be lost - proceed with caution!

__metadata:
  version: 8
  cacheKey: 10c0

"@chronoledger/api@workspace:apps/api":
  version: 0.0.0-use.local
  resolution: "@chronoledger/api@workspace:apps/api"
  languageName: unknown
  linkType: soft

"@chronoledger/mobile@workspace:apps/mobile":
  version: 0.0.0-use.local
  resolution: "@chronoledger/mobile@workspace:apps/mobile"
  languageName: unknown
  linkType: soft

"@chronoledger/shared@workspace:packages/shared":
  version: 0.0.0-use.local
  resolution: "@chronoledger/shared@workspace:packages/shared"
  languageName: unknown
  linkType: soft

"@chronoledger/web@workspace:apps/web":
  version: 0.0.0-use.local
  resolution: "@chronoledger/web@workspace:apps/web"
  languageName: unknown
  linkType: soft

"@chronoledger/worker@workspace:apps/worker":
  version: 0.0.0-use.local
  resolution: "@chronoledger/worker@workspace:apps/worker"
  languageName: unknown
  linkType: soft

"chronoledger@workspace:.":
  version: 0.0.0-use.local
  resolution: "chronoledger@workspace:."
  languageName: unknown
  linkType: soft
